// !$*UTF8*$!
{
	archiveVersion = 1;
	classes = {
	};
	objectVersion = 56;
	objects = {

/* Begin PBXBuildFile section */
		7123DB572B136AFB00147344 /* MenteeDetail.storyboard in Resources */ = {isa = PBXBuildFile; fileRef = 7123DB562B136AFB00147344 /* MenteeDetail.storyboard */; };
		7123DB592B136B5700147344 /* MenteeDetailViewController.swift in Sources */ = {isa = PBXBuildFile; fileRef = 7123DB582B136B5700147344 /* MenteeDetailViewController.swift */; };
		71C2A0562B0FC336004ADFB9 /* AppDelegate.swift in Sources */ = {isa = PBXBuildFile; fileRef = 71C2A0552B0FC336004ADFB9 /* AppDelegate.swift */; };
		71C2A0582B0FC336004ADFB9 /* SceneDelegate.swift in Sources */ = {isa = PBXBuildFile; fileRef = 71C2A0572B0FC336004ADFB9 /* SceneDelegate.swift */; };
		71C2A05A2B0FC336004ADFB9 /* MainViewController.swift in Sources */ = {isa = PBXBuildFile; fileRef = 71C2A0592B0FC336004ADFB9 /* MainViewController.swift */; };
		71C2A05D2B0FC336004ADFB9 /* Main.storyboard in Resources */ = {isa = PBXBuildFile; fileRef = 71C2A05B2B0FC336004ADFB9 /* Main.storyboard */; };
		71C2A05F2B0FC337004ADFB9 /* Assets.xcassets in Resources */ = {isa = PBXBuildFile; fileRef = 71C2A05E2B0FC337004ADFB9 /* Assets.xcassets */; };
		71C2A0622B0FC337004ADFB9 /* LaunchScreen.storyboard in Resources */ = {isa = PBXBuildFile; fileRef = 71C2A0602B0FC337004ADFB9 /* LaunchScreen.storyboard */; };
		71C2A06D2B0FC3F6004ADFB9 /* LoginViewController.swift in Sources */ = {isa = PBXBuildFile; fileRef = 71C2A06C2B0FC3F6004ADFB9 /* LoginViewController.swift */; };
		71C2A06F2B0FC400004ADFB9 /* RegisterViewController.swift in Sources */ = {isa = PBXBuildFile; fileRef = 71C2A06E2B0FC400004ADFB9 /* RegisterViewController.swift */; };
		71C2A0712B0FC429004ADFB9 /* AddMentoScheduleViewController.swift in Sources */ = {isa = PBXBuildFile; fileRef = 71C2A0702B0FC429004ADFB9 /* AddMentoScheduleViewController.swift */; };
		71C2A0732B0FC43C004ADFB9 /* AddMentiScheduleViewController.swift in Sources */ = {isa = PBXBuildFile; fileRef = 71C2A0722B0FC43C004ADFB9 /* AddMentiScheduleViewController.swift */; };
		71C2A0752B0FC457004ADFB9 /* CreateInvieteCodeViewController.swift in Sources */ = {isa = PBXBuildFile; fileRef = 71C2A0742B0FC457004ADFB9 /* CreateInvieteCodeViewController.swift */; };
		71C2A07A2B0FC4AD004ADFB9 /* MentoDetailViewController.swift in Sources */ = {isa = PBXBuildFile; fileRef = 71C2A0792B0FC4AD004ADFB9 /* MentoDetailViewController.swift */; };
		71C2A07C2B0FC4BA004ADFB9 /* ModifyScheduleViewController.swift in Sources */ = {isa = PBXBuildFile; fileRef = 71C2A07B2B0FC4BA004ADFB9 /* ModifyScheduleViewController.swift */; };
		71C2A0812B0FC507004ADFB9 /* AddCode.storyboard in Resources */ = {isa = PBXBuildFile; fileRef = 71C2A0802B0FC507004ADFB9 /* AddCode.storyboard */; };
		71C2A0832B0FC50E004ADFB9 /* AddSchedule.storyboard in Resources */ = {isa = PBXBuildFile; fileRef = 71C2A0822B0FC50E004ADFB9 /* AddSchedule.storyboard */; };
		71C2A0852B0FC517004ADFB9 /* CreateCode.storyboard in Resources */ = {isa = PBXBuildFile; fileRef = 71C2A0842B0FC517004ADFB9 /* CreateCode.storyboard */; };
		71C2A0872B0FC522004ADFB9 /* MentoDetail.storyboard in Resources */ = {isa = PBXBuildFile; fileRef = 71C2A0862B0FC522004ADFB9 /* MentoDetail.storyboard */; };
		71C2A0892B0FC52B004ADFB9 /* ModifySchedule.storyboard in Resources */ = {isa = PBXBuildFile; fileRef = 71C2A0882B0FC52B004ADFB9 /* ModifySchedule.storyboard */; };
		71C2A08B2B0FC533004ADFB9 /* Login.storyboard in Resources */ = {isa = PBXBuildFile; fileRef = 71C2A08A2B0FC533004ADFB9 /* Login.storyboard */; };
		71C2A08D2B0FC537004ADFB9 /* Register.storyboard in Resources */ = {isa = PBXBuildFile; fileRef = 71C2A08C2B0FC537004ADFB9 /* Register.storyboard */; };
		71F4F36E2B16000200F1F407 /* GoogleService-Info.plist in Resources */ = {isa = PBXBuildFile; fileRef = 71F4F36D2B16000200F1F407 /* GoogleService-Info.plist */; };
		823202F02B14ABAF00179A3A /* Schedule.swift in Sources */ = {isa = PBXBuildFile; fileRef = 823202EF2B14ABAF00179A3A /* Schedule.swift */; };
		823202F42B14C15700179A3A /* ScheduleTableViewCell.swift in Sources */ = {isa = PBXBuildFile; fileRef = 823202F32B14C15700179A3A /* ScheduleTableViewCell.swift */; };
		823202F82B14C85A00179A3A /* DateHelper.swift in Sources */ = {isa = PBXBuildFile; fileRef = 823202F72B14C85A00179A3A /* DateHelper.swift */; };
		823202FB2B14CD5D00179A3A /* Extensions.swift in Sources */ = {isa = PBXBuildFile; fileRef = 823202FA2B14CD5D00179A3A /* Extensions.swift */; };
		823203012B14DCC600179A3A /* UserService.swift in Sources */ = {isa = PBXBuildFile; fileRef = 823203002B14DCC600179A3A /* UserService.swift */; };
		823203032B14F02000179A3A /* User.swift in Sources */ = {isa = PBXBuildFile; fileRef = 823203022B14F02000179A3A /* User.swift */; };
		827397312B10AB580033EC5D /* Constants.swift in Sources */ = {isa = PBXBuildFile; fileRef = 827397302B10AB580033EC5D /* Constants.swift */; };
		827397342B10C7BD0033EC5D /* Mento.storyboard in Resources */ = {isa = PBXBuildFile; fileRef = 827397332B10C7BD0033EC5D /* Mento.storyboard */; };
		827397362B10C7E90033EC5D /* MentoViewController.swift in Sources */ = {isa = PBXBuildFile; fileRef = 827397352B10C7E90033EC5D /* MentoViewController.swift */; };
		827397382B10C8010033EC5D /* Mentee.storyboard in Resources */ = {isa = PBXBuildFile; fileRef = 827397372B10C8010033EC5D /* Mentee.storyboard */; };
		8273973A2B10C8120033EC5D /* MenteeViewController.swift in Sources */ = {isa = PBXBuildFile; fileRef = 827397392B10C8120033EC5D /* MenteeViewController.swift */; };
		99A969B11A6FB1AB8B5695DC /* Pods_MenHa.framework in Frameworks */ = {isa = PBXBuildFile; fileRef = 2857DF000C7867CB5117CBB1 /* Pods_MenHa.framework */; };
/* End PBXBuildFile section */

/* Begin PBXFileReference section */
		1590C5D759D9219071CFD72B /* Pods-MenHa.release.xcconfig */ = {isa = PBXFileReference; includeInIndex = 1; lastKnownFileType = text.xcconfig; name = "Pods-MenHa.release.xcconfig"; path = "Target Support Files/Pods-MenHa/Pods-MenHa.release.xcconfig"; sourceTree = "<group>"; };
		2857DF000C7867CB5117CBB1 /* Pods_MenHa.framework */ = {isa = PBXFileReference; explicitFileType = wrapper.framework; includeInIndex = 0; path = Pods_MenHa.framework; sourceTree = BUILT_PRODUCTS_DIR; };
		4C76E6BCE2059976B6D96CA0 /* Pods-MenHa.debug.xcconfig */ = {isa = PBXFileReference; includeInIndex = 1; lastKnownFileType = text.xcconfig; name = "Pods-MenHa.debug.xcconfig"; path = "Target Support Files/Pods-MenHa/Pods-MenHa.debug.xcconfig"; sourceTree = "<group>"; };
		7123DB562B136AFB00147344 /* MenteeDetail.storyboard */ = {isa = PBXFileReference; lastKnownFileType = file.storyboard; path = MenteeDetail.storyboard; sourceTree = "<group>"; };
		7123DB582B136B5700147344 /* MenteeDetailViewController.swift */ = {isa = PBXFileReference; lastKnownFileType = sourcecode.swift; path = MenteeDetailViewController.swift; sourceTree = "<group>"; };
		71C2A0522B0FC336004ADFB9 /* MenHa.app */ = {isa = PBXFileReference; explicitFileType = wrapper.application; includeInIndex = 0; path = MenHa.app; sourceTree = BUILT_PRODUCTS_DIR; };
		71C2A0552B0FC336004ADFB9 /* AppDelegate.swift */ = {isa = PBXFileReference; lastKnownFileType = sourcecode.swift; path = AppDelegate.swift; sourceTree = "<group>"; };
		71C2A0572B0FC336004ADFB9 /* SceneDelegate.swift */ = {isa = PBXFileReference; lastKnownFileType = sourcecode.swift; path = SceneDelegate.swift; sourceTree = "<group>"; };
		71C2A0592B0FC336004ADFB9 /* MainViewController.swift */ = {isa = PBXFileReference; lastKnownFileType = sourcecode.swift; path = MainViewController.swift; sourceTree = "<group>"; };
		71C2A05C2B0FC336004ADFB9 /* Base */ = {isa = PBXFileReference; lastKnownFileType = file.storyboard; name = Base; path = Base.lproj/Main.storyboard; sourceTree = "<group>"; };
		71C2A05E2B0FC337004ADFB9 /* Assets.xcassets */ = {isa = PBXFileReference; lastKnownFileType = folder.assetcatalog; path = Assets.xcassets; sourceTree = "<group>"; };
		71C2A0612B0FC337004ADFB9 /* Base */ = {isa = PBXFileReference; lastKnownFileType = file.storyboard; name = Base; path = Base.lproj/LaunchScreen.storyboard; sourceTree = "<group>"; };
		71C2A0632B0FC337004ADFB9 /* Info.plist */ = {isa = PBXFileReference; lastKnownFileType = text.plist.xml; path = Info.plist; sourceTree = "<group>"; };
		71C2A06C2B0FC3F6004ADFB9 /* LoginViewController.swift */ = {isa = PBXFileReference; lastKnownFileType = sourcecode.swift; path = LoginViewController.swift; sourceTree = "<group>"; };
		71C2A06E2B0FC400004ADFB9 /* RegisterViewController.swift */ = {isa = PBXFileReference; lastKnownFileType = sourcecode.swift; path = RegisterViewController.swift; sourceTree = "<group>"; };
		71C2A0702B0FC429004ADFB9 /* AddMentoScheduleViewController.swift */ = {isa = PBXFileReference; lastKnownFileType = sourcecode.swift; path = AddMentoScheduleViewController.swift; sourceTree = "<group>"; };
		71C2A0722B0FC43C004ADFB9 /* AddMentiScheduleViewController.swift */ = {isa = PBXFileReference; lastKnownFileType = sourcecode.swift; path = AddMentiScheduleViewController.swift; sourceTree = "<group>"; };
		71C2A0742B0FC457004ADFB9 /* CreateInvieteCodeViewController.swift */ = {isa = PBXFileReference; lastKnownFileType = sourcecode.swift; path = CreateInvieteCodeViewController.swift; sourceTree = "<group>"; };
		71C2A0792B0FC4AD004ADFB9 /* MentoDetailViewController.swift */ = {isa = PBXFileReference; lastKnownFileType = sourcecode.swift; path = MentoDetailViewController.swift; sourceTree = "<group>"; };
		71C2A07B2B0FC4BA004ADFB9 /* ModifyScheduleViewController.swift */ = {isa = PBXFileReference; lastKnownFileType = sourcecode.swift; path = ModifyScheduleViewController.swift; sourceTree = "<group>"; };
		71C2A0802B0FC507004ADFB9 /* AddCode.storyboard */ = {isa = PBXFileReference; lastKnownFileType = file.storyboard; path = AddCode.storyboard; sourceTree = "<group>"; };
		71C2A0822B0FC50E004ADFB9 /* AddSchedule.storyboard */ = {isa = PBXFileReference; lastKnownFileType = file.storyboard; path = AddSchedule.storyboard; sourceTree = "<group>"; };
		71C2A0842B0FC517004ADFB9 /* CreateCode.storyboard */ = {isa = PBXFileReference; lastKnownFileType = file.storyboard; path = CreateCode.storyboard; sourceTree = "<group>"; };
		71C2A0862B0FC522004ADFB9 /* MentoDetail.storyboard */ = {isa = PBXFileReference; lastKnownFileType = file.storyboard; path = MentoDetail.storyboard; sourceTree = "<group>"; };
		71C2A0882B0FC52B004ADFB9 /* ModifySchedule.storyboard */ = {isa = PBXFileReference; lastKnownFileType = file.storyboard; path = ModifySchedule.storyboard; sourceTree = "<group>"; };
		71C2A08A2B0FC533004ADFB9 /* Login.storyboard */ = {isa = PBXFileReference; lastKnownFileType = file.storyboard; path = Login.storyboard; sourceTree = "<group>"; };
		71C2A08C2B0FC537004ADFB9 /* Register.storyboard */ = {isa = PBXFileReference; lastKnownFileType = file.storyboard; path = Register.storyboard; sourceTree = "<group>"; };
		71F4F36D2B16000200F1F407 /* GoogleService-Info.plist */ = {isa = PBXFileReference; fileEncoding = 4; lastKnownFileType = text.plist.xml; path = "GoogleService-Info.plist"; sourceTree = "<group>"; };
		823202EF2B14ABAF00179A3A /* Schedule.swift */ = {isa = PBXFileReference; lastKnownFileType = sourcecode.swift; path = Schedule.swift; sourceTree = "<group>"; };
		823202F32B14C15700179A3A /* ScheduleTableViewCell.swift */ = {isa = PBXFileReference; lastKnownFileType = sourcecode.swift; path = ScheduleTableViewCell.swift; sourceTree = "<group>"; };
		823202F72B14C85A00179A3A /* DateHelper.swift */ = {isa = PBXFileReference; lastKnownFileType = sourcecode.swift; path = DateHelper.swift; sourceTree = "<group>"; };
		823202FA2B14CD5D00179A3A /* Extensions.swift */ = {isa = PBXFileReference; lastKnownFileType = sourcecode.swift; path = Extensions.swift; sourceTree = "<group>"; };
		823203002B14DCC600179A3A /* UserService.swift */ = {isa = PBXFileReference; lastKnownFileType = sourcecode.swift; path = UserService.swift; sourceTree = "<group>"; };
		823203022B14F02000179A3A /* User.swift */ = {isa = PBXFileReference; lastKnownFileType = sourcecode.swift; path = User.swift; sourceTree = "<group>"; };
		827397302B10AB580033EC5D /* Constants.swift */ = {isa = PBXFileReference; lastKnownFileType = sourcecode.swift; path = Constants.swift; sourceTree = "<group>"; };
		827397332B10C7BD0033EC5D /* Mento.storyboard */ = {isa = PBXFileReference; lastKnownFileType = file.storyboard; path = Mento.storyboard; sourceTree = "<group>"; };
		827397352B10C7E90033EC5D /* MentoViewController.swift */ = {isa = PBXFileReference; lastKnownFileType = sourcecode.swift; path = MentoViewController.swift; sourceTree = "<group>"; };
		827397372B10C8010033EC5D /* Mentee.storyboard */ = {isa = PBXFileReference; lastKnownFileType = file.storyboard; path = Mentee.storyboard; sourceTree = "<group>"; };
		827397392B10C8120033EC5D /* MenteeViewController.swift */ = {isa = PBXFileReference; lastKnownFileType = sourcecode.swift; path = MenteeViewController.swift; sourceTree = "<group>"; };
/* End PBXFileReference section */

/* Begin PBXFrameworksBuildPhase section */
		71C2A04F2B0FC336004ADFB9 /* Frameworks */ = {
			isa = PBXFrameworksBuildPhase;
			buildActionMask = 2147483647;
			files = (
				99A969B11A6FB1AB8B5695DC /* Pods_MenHa.framework in Frameworks */,
			);
			runOnlyForDeploymentPostprocessing = 0;
		};
/* End PBXFrameworksBuildPhase section */

/* Begin PBXGroup section */
		71C2A0492B0FC336004ADFB9 = {
			isa = PBXGroup;
			children = (
				71F4F36D2B16000200F1F407 /* GoogleService-Info.plist */,
				71C2A0542B0FC336004ADFB9 /* MenHa */,
				71C2A0532B0FC336004ADFB9 /* Products */,
				7C4F105D22AD16A7CE55E63D /* Pods */,
				87B21D31A08C5D21D0C63D07 /* Frameworks */,
			);
			sourceTree = "<group>";
		};
		71C2A0532B0FC336004ADFB9 /* Products */ = {
			isa = PBXGroup;
			children = (
				71C2A0522B0FC336004ADFB9 /* MenHa.app */,
			);
			name = Products;
			sourceTree = "<group>";
		};
		71C2A0542B0FC336004ADFB9 /* MenHa */ = {
			isa = PBXGroup;
			children = (
				823202F62B14C84900179A3A /* Utils */,
				823202F12B14B82B00179A3A /* Items */,
				827397322B10C5B20033EC5D /* Model */,
				8273972F2B10AB450033EC5D /* Others */,
				71C2A06A2B0FC3D3004ADFB9 /* View */,
				71C2A0692B0FC3CB004ADFB9 /* ViewController */,
				71C2A0552B0FC336004ADFB9 /* AppDelegate.swift */,
				71C2A0572B0FC336004ADFB9 /* SceneDelegate.swift */,
				71C2A05E2B0FC337004ADFB9 /* Assets.xcassets */,
				71C2A0602B0FC337004ADFB9 /* LaunchScreen.storyboard */,
				71C2A0632B0FC337004ADFB9 /* Info.plist */,
			);
			path = MenHa;
			sourceTree = "<group>";
		};
		71C2A0692B0FC3CB004ADFB9 /* ViewController */ = {
			isa = PBXGroup;
			children = (
				71C2A0762B0FC462004ADFB9 /* Main */,
				71C2A0772B0FC469004ADFB9 /* Mentoring */,
				71C2A0782B0FC472004ADFB9 /* Users */,
			);
			path = ViewController;
			sourceTree = "<group>";
		};
		71C2A06A2B0FC3D3004ADFB9 /* View */ = {
			isa = PBXGroup;
			children = (
				71C2A07D2B0FC4C6004ADFB9 /* Main */,
				71C2A07E2B0FC4CD004ADFB9 /* Mentoring */,
				71C2A07F2B0FC4D3004ADFB9 /* Users */,
			);
			path = View;
			sourceTree = "<group>";
		};
		71C2A0762B0FC462004ADFB9 /* Main */ = {
			isa = PBXGroup;
			children = (
				71C2A0592B0FC336004ADFB9 /* MainViewController.swift */,
			);
			path = Main;
			sourceTree = "<group>";
		};
		71C2A0772B0FC469004ADFB9 /* Mentoring */ = {
			isa = PBXGroup;
			children = (
				71C2A0702B0FC429004ADFB9 /* AddMentoScheduleViewController.swift */,
				71C2A0722B0FC43C004ADFB9 /* AddMentiScheduleViewController.swift */,
				71C2A0792B0FC4AD004ADFB9 /* MentoDetailViewController.swift */,
				7123DB582B136B5700147344 /* MenteeDetailViewController.swift */,
				71C2A07B2B0FC4BA004ADFB9 /* ModifyScheduleViewController.swift */,
				71C2A0742B0FC457004ADFB9 /* CreateInvieteCodeViewController.swift */,
				827397352B10C7E90033EC5D /* MentoViewController.swift */,
				827397392B10C8120033EC5D /* MenteeViewController.swift */,
			);
			path = Mentoring;
			sourceTree = "<group>";
		};
		71C2A0782B0FC472004ADFB9 /* Users */ = {
			isa = PBXGroup;
			children = (
				71C2A06C2B0FC3F6004ADFB9 /* LoginViewController.swift */,
				71C2A06E2B0FC400004ADFB9 /* RegisterViewController.swift */,
			);
			path = Users;
			sourceTree = "<group>";
		};
		71C2A07D2B0FC4C6004ADFB9 /* Main */ = {
			isa = PBXGroup;
			children = (
				71C2A05B2B0FC336004ADFB9 /* Main.storyboard */,
			);
			path = Main;
			sourceTree = "<group>";
		};
		71C2A07E2B0FC4CD004ADFB9 /* Mentoring */ = {
			isa = PBXGroup;
			children = (
				71C2A0802B0FC507004ADFB9 /* AddCode.storyboard */,
				71C2A0822B0FC50E004ADFB9 /* AddSchedule.storyboard */,
				71C2A0842B0FC517004ADFB9 /* CreateCode.storyboard */,
				71C2A0862B0FC522004ADFB9 /* MentoDetail.storyboard */,
				7123DB562B136AFB00147344 /* MenteeDetail.storyboard */,
				71C2A0882B0FC52B004ADFB9 /* ModifySchedule.storyboard */,
				827397332B10C7BD0033EC5D /* Mento.storyboard */,
				827397372B10C8010033EC5D /* Mentee.storyboard */,
			);
			path = Mentoring;
			sourceTree = "<group>";
		};
		71C2A07F2B0FC4D3004ADFB9 /* Users */ = {
			isa = PBXGroup;
			children = (
				71C2A08A2B0FC533004ADFB9 /* Login.storyboard */,
				71C2A08C2B0FC537004ADFB9 /* Register.storyboard */,
			);
			path = Users;
			sourceTree = "<group>";
		};
		7C4F105D22AD16A7CE55E63D /* Pods */ = {
			isa = PBXGroup;
			children = (
				4C76E6BCE2059976B6D96CA0 /* Pods-MenHa.debug.xcconfig */,
				1590C5D759D9219071CFD72B /* Pods-MenHa.release.xcconfig */,
			);
			path = Pods;
			sourceTree = "<group>";
		};
		823202F12B14B82B00179A3A /* Items */ = {
			isa = PBXGroup;
			children = (
				823202F22B14B83500179A3A /* Mentoring */,
			);
			path = Items;
			sourceTree = "<group>";
		};
		823202F22B14B83500179A3A /* Mentoring */ = {
			isa = PBXGroup;
			children = (
				823202F32B14C15700179A3A /* ScheduleTableViewCell.swift */,
			);
			path = Mentoring;
			sourceTree = "<group>";
		};
		823202F62B14C84900179A3A /* Utils */ = {
			isa = PBXGroup;
			children = (
				823202F72B14C85A00179A3A /* DateHelper.swift */,
			);
			path = Utils;
			sourceTree = "<group>";
		};
		8273972F2B10AB450033EC5D /* Others */ = {
			isa = PBXGroup;
			children = (
				827397302B10AB580033EC5D /* Constants.swift */,
				823202FA2B14CD5D00179A3A /* Extensions.swift */,
			);
			path = Others;
			sourceTree = "<group>";
		};
		827397322B10C5B20033EC5D /* Model */ = {
			isa = PBXGroup;
			children = (
				823203002B14DCC600179A3A /* UserService.swift */,
				823202EF2B14ABAF00179A3A /* Schedule.swift */,
				823203022B14F02000179A3A /* User.swift */,
			);
			path = Model;
			sourceTree = "<group>";
		};
		87B21D31A08C5D21D0C63D07 /* Frameworks */ = {
			isa = PBXGroup;
			children = (
				2857DF000C7867CB5117CBB1 /* Pods_MenHa.framework */,
			);
			name = Frameworks;
			sourceTree = "<group>";
		};
/* End PBXGroup section */

/* Begin PBXNativeTarget section */
		71C2A0512B0FC336004ADFB9 /* MenHa */ = {
			isa = PBXNativeTarget;
			buildConfigurationList = 71C2A0662B0FC337004ADFB9 /* Build configuration list for PBXNativeTarget "MenHa" */;
			buildPhases = (
				252E077D5F955A5EE2298BE3 /* [CP] Check Pods Manifest.lock */,
				71C2A04E2B0FC336004ADFB9 /* Sources */,
				71C2A04F2B0FC336004ADFB9 /* Frameworks */,
				71C2A0502B0FC336004ADFB9 /* Resources */,
				B5D1C20C756729018DC38D62 /* [CP] Embed Pods Frameworks */,
			);
			buildRules = (
			);
			dependencies = (
			);
			name = MenHa;
			productName = MenHa;
			productReference = 71C2A0522B0FC336004ADFB9 /* MenHa.app */;
			productType = "com.apple.product-type.application";
		};
/* End PBXNativeTarget section */

/* Begin PBXProject section */
		71C2A04A2B0FC336004ADFB9 /* Project object */ = {
			isa = PBXProject;
			attributes = {
				BuildIndependentTargetsInParallel = 1;
				LastSwiftUpdateCheck = 1500;
				LastUpgradeCheck = 1500;
				TargetAttributes = {
					71C2A0512B0FC336004ADFB9 = {
						CreatedOnToolsVersion = 15.0.1;
					};
				};
			};
			buildConfigurationList = 71C2A04D2B0FC336004ADFB9 /* Build configuration list for PBXProject "MenHa" */;
			compatibilityVersion = "Xcode 14.0";
			developmentRegion = en;
			hasScannedForEncodings = 0;
			knownRegions = (
				en,
				Base,
			);
			mainGroup = 71C2A0492B0FC336004ADFB9;
			productRefGroup = 71C2A0532B0FC336004ADFB9 /* Products */;
			projectDirPath = "";
			projectRoot = "";
			targets = (
				71C2A0512B0FC336004ADFB9 /* MenHa */,
			);
		};
/* End PBXProject section */

/* Begin PBXResourcesBuildPhase section */
		71C2A0502B0FC336004ADFB9 /* Resources */ = {
			isa = PBXResourcesBuildPhase;
			buildActionMask = 2147483647;
			files = (
				71C2A0622B0FC337004ADFB9 /* LaunchScreen.storyboard in Resources */,
				71C2A0812B0FC507004ADFB9 /* AddCode.storyboard in Resources */,
				71C2A0832B0FC50E004ADFB9 /* AddSchedule.storyboard in Resources */,
				827397382B10C8010033EC5D /* Mentee.storyboard in Resources */,
				71C2A0852B0FC517004ADFB9 /* CreateCode.storyboard in Resources */,
				71C2A0872B0FC522004ADFB9 /* MentoDetail.storyboard in Resources */,
				7123DB572B136AFB00147344 /* MenteeDetail.storyboard in Resources */,
				71C2A0892B0FC52B004ADFB9 /* ModifySchedule.storyboard in Resources */,
				827397342B10C7BD0033EC5D /* Mento.storyboard in Resources */,
				71C2A05F2B0FC337004ADFB9 /* Assets.xcassets in Resources */,
				71C2A05D2B0FC336004ADFB9 /* Main.storyboard in Resources */,
				71C2A08B2B0FC533004ADFB9 /* Login.storyboard in Resources */,
				71C2A08D2B0FC537004ADFB9 /* Register.storyboard in Resources */,
				71F4F36E2B16000200F1F407 /* GoogleService-Info.plist in Resources */,
			);
			runOnlyForDeploymentPostprocessing = 0;
		};
/* End PBXResourcesBuildPhase section */

/* Begin PBXShellScriptBuildPhase section */
		252E077D5F955A5EE2298BE3 /* [CP] Check Pods Manifest.lock */ = {
			isa = PBXShellScriptBuildPhase;
			buildActionMask = 2147483647;
			files = (
			);
			inputFileListPaths = (
			);
			inputPaths = (
				"${PODS_PODFILE_DIR_PATH}/Podfile.lock",
				"${PODS_ROOT}/Manifest.lock",
			);
			name = "[CP] Check Pods Manifest.lock";
			outputFileListPaths = (
			);
			outputPaths = (
				"$(DERIVED_FILE_DIR)/Pods-MenHa-checkManifestLockResult.txt",
			);
			runOnlyForDeploymentPostprocessing = 0;
			shellPath = /bin/sh;
			shellScript = "diff \"${PODS_PODFILE_DIR_PATH}/Podfile.lock\" \"${PODS_ROOT}/Manifest.lock\" > /dev/null\nif [ $? != 0 ] ; then\n    # print error to STDERR\n    echo \"error: The sandbox is not in sync with the Podfile.lock. Run 'pod install' or update your CocoaPods installation.\" >&2\n    exit 1\nfi\n# This output is used by Xcode 'outputs' to avoid re-running this script phase.\necho \"SUCCESS\" > \"${SCRIPT_OUTPUT_FILE_0}\"\n";
			showEnvVarsInLog = 0;
		};
		B5D1C20C756729018DC38D62 /* [CP] Embed Pods Frameworks */ = {
			isa = PBXShellScriptBuildPhase;
			buildActionMask = 2147483647;
			files = (
			);
			inputFileListPaths = (
				"${PODS_ROOT}/Target Support Files/Pods-MenHa/Pods-MenHa-frameworks-${CONFIGURATION}-input-files.xcfilelist",
			);
			name = "[CP] Embed Pods Frameworks";
			outputFileListPaths = (
				"${PODS_ROOT}/Target Support Files/Pods-MenHa/Pods-MenHa-frameworks-${CONFIGURATION}-output-files.xcfilelist",
			);
			runOnlyForDeploymentPostprocessing = 0;
			shellPath = /bin/sh;
			shellScript = "\"${PODS_ROOT}/Target Support Files/Pods-MenHa/Pods-MenHa-frameworks.sh\"\n";
			showEnvVarsInLog = 0;
		};
/* End PBXShellScriptBuildPhase section */

/* Begin PBXSourcesBuildPhase section */
		71C2A04E2B0FC336004ADFB9 /* Sources */ = {
			isa = PBXSourcesBuildPhase;
			buildActionMask = 2147483647;
			files = (
				71C2A07A2B0FC4AD004ADFB9 /* MentoDetailViewController.swift in Sources */,
				823202FB2B14CD5D00179A3A /* Extensions.swift in Sources */,
				827397312B10AB580033EC5D /* Constants.swift in Sources */,
				71C2A07C2B0FC4BA004ADFB9 /* ModifyScheduleViewController.swift in Sources */,
				823202F02B14ABAF00179A3A /* Schedule.swift in Sources */,
				71C2A06D2B0FC3F6004ADFB9 /* LoginViewController.swift in Sources */,
				71C2A0712B0FC429004ADFB9 /* AddMentoScheduleViewController.swift in Sources */,
				823202F82B14C85A00179A3A /* DateHelper.swift in Sources */,
				823203032B14F02000179A3A /* User.swift in Sources */,
				823202F42B14C15700179A3A /* ScheduleTableViewCell.swift in Sources */,
				71C2A0752B0FC457004ADFB9 /* CreateInvieteCodeViewController.swift in Sources */,
				827397362B10C7E90033EC5D /* MentoViewController.swift in Sources */,
				71C2A06F2B0FC400004ADFB9 /* RegisterViewController.swift in Sources */,
				7123DB592B136B5700147344 /* MenteeDetailViewController.swift in Sources */,
				823203012B14DCC600179A3A /* UserService.swift in Sources */,
				71C2A0732B0FC43C004ADFB9 /* AddMentiScheduleViewController.swift in Sources */,
				71C2A05A2B0FC336004ADFB9 /* MainViewController.swift in Sources */,
				71C2A0562B0FC336004ADFB9 /* AppDelegate.swift in Sources */,
				8273973A2B10C8120033EC5D /* MenteeViewController.swift in Sources */,
				71C2A0582B0FC336004ADFB9 /* SceneDelegate.swift in Sources */,
			);
			runOnlyForDeploymentPostprocessing = 0;
		};
/* End PBXSourcesBuildPhase section */

/* Begin PBXVariantGroup section */
		71C2A05B2B0FC336004ADFB9 /* Main.storyboard */ = {
			isa = PBXVariantGroup;
			children = (
				71C2A05C2B0FC336004ADFB9 /* Base */,
			);
			name = Main.storyboard;
			sourceTree = "<group>";
		};
		71C2A0602B0FC337004ADFB9 /* LaunchScreen.storyboard */ = {
			isa = PBXVariantGroup;
			children = (
				71C2A0612B0FC337004ADFB9 /* Base */,
			);
			name = LaunchScreen.storyboard;
			sourceTree = "<group>";
		};
/* End PBXVariantGroup section */

/* Begin XCBuildConfiguration section */
		71C2A0642B0FC337004ADFB9 /* Debug */ = {
			isa = XCBuildConfiguration;
			buildSettings = {
				ALWAYS_SEARCH_USER_PATHS = NO;
				ASSETCATALOG_COMPILER_GENERATE_SWIFT_ASSET_SYMBOL_EXTENSIONS = YES;
				CLANG_ANALYZER_NONNULL = YES;
				CLANG_ANALYZER_NUMBER_OBJECT_CONVERSION = YES_AGGRESSIVE;
				CLANG_CXX_LANGUAGE_STANDARD = "gnu++20";
				CLANG_ENABLE_MODULES = YES;
				CLANG_ENABLE_OBJC_ARC = YES;
				CLANG_ENABLE_OBJC_WEAK = YES;
				CLANG_WARN_BLOCK_CAPTURE_AUTORELEASING = YES;
				CLANG_WARN_BOOL_CONVERSION = YES;
				CLANG_WARN_COMMA = YES;
				CLANG_WARN_CONSTANT_CONVERSION = YES;
				CLANG_WARN_DEPRECATED_OBJC_IMPLEMENTATIONS = YES;
				CLANG_WARN_DIRECT_OBJC_ISA_USAGE = YES_ERROR;
				CLANG_WARN_DOCUMENTATION_COMMENTS = YES;
				CLANG_WARN_EMPTY_BODY = YES;
				CLANG_WARN_ENUM_CONVERSION = YES;
				CLANG_WARN_INFINITE_RECURSION = YES;
				CLANG_WARN_INT_CONVERSION = YES;
				CLANG_WARN_NON_LITERAL_NULL_CONVERSION = YES;
				CLANG_WARN_OBJC_IMPLICIT_RETAIN_SELF = YES;
				CLANG_WARN_OBJC_LITERAL_CONVERSION = YES;
				CLANG_WARN_OBJC_ROOT_CLASS = YES_ERROR;
				CLANG_WARN_QUOTED_INCLUDE_IN_FRAMEWORK_HEADER = YES;
				CLANG_WARN_RANGE_LOOP_ANALYSIS = YES;
				CLANG_WARN_STRICT_PROTOTYPES = YES;
				CLANG_WARN_SUSPICIOUS_MOVE = YES;
				CLANG_WARN_UNGUARDED_AVAILABILITY = YES_AGGRESSIVE;
				CLANG_WARN_UNREACHABLE_CODE = YES;
				CLANG_WARN__DUPLICATE_METHOD_MATCH = YES;
				COPY_PHASE_STRIP = NO;
				DEBUG_INFORMATION_FORMAT = dwarf;
				ENABLE_STRICT_OBJC_MSGSEND = YES;
				ENABLE_TESTABILITY = YES;
				ENABLE_USER_SCRIPT_SANDBOXING = NO;
				GCC_C_LANGUAGE_STANDARD = gnu17;
				GCC_DYNAMIC_NO_PIC = NO;
				GCC_NO_COMMON_BLOCKS = YES;
				GCC_OPTIMIZATION_LEVEL = 0;
				GCC_PREPROCESSOR_DEFINITIONS = (
					"DEBUG=1",
					"$(inherited)",
				);
				GCC_WARN_64_TO_32_BIT_CONVERSION = YES;
				GCC_WARN_ABOUT_RETURN_TYPE = YES_ERROR;
				GCC_WARN_UNDECLARED_SELECTOR = YES;
				GCC_WARN_UNINITIALIZED_AUTOS = YES_AGGRESSIVE;
				GCC_WARN_UNUSED_FUNCTION = YES;
				GCC_WARN_UNUSED_VARIABLE = YES;
				IPHONEOS_DEPLOYMENT_TARGET = 17.0;
				LOCALIZATION_PREFERS_STRING_CATALOGS = YES;
				MTL_ENABLE_DEBUG_INFO = INCLUDE_SOURCE;
				MTL_FAST_MATH = YES;
				ONLY_ACTIVE_ARCH = YES;
				SDKROOT = iphoneos;
				SWIFT_ACTIVE_COMPILATION_CONDITIONS = "DEBUG $(inherited)";
				SWIFT_OPTIMIZATION_LEVEL = "-Onone";
			};
			name = Debug;
		};
		71C2A0652B0FC337004ADFB9 /* Release */ = {
			isa = XCBuildConfiguration;
			buildSettings = {
				ALWAYS_SEARCH_USER_PATHS = NO;
				ASSETCATALOG_COMPILER_GENERATE_SWIFT_ASSET_SYMBOL_EXTENSIONS = YES;
				CLANG_ANALYZER_NONNULL = YES;
				CLANG_ANALYZER_NUMBER_OBJECT_CONVERSION = YES_AGGRESSIVE;
				CLANG_CXX_LANGUAGE_STANDARD = "gnu++20";
				CLANG_ENABLE_MODULES = YES;
				CLANG_ENABLE_OBJC_ARC = YES;
				CLANG_ENABLE_OBJC_WEAK = YES;
				CLANG_WARN_BLOCK_CAPTURE_AUTORELEASING = YES;
				CLANG_WARN_BOOL_CONVERSION = YES;
				CLANG_WARN_COMMA = YES;
				CLANG_WARN_CONSTANT_CONVERSION = YES;
				CLANG_WARN_DEPRECATED_OBJC_IMPLEMENTATIONS = YES;
				CLANG_WARN_DIRECT_OBJC_ISA_USAGE = YES_ERROR;
				CLANG_WARN_DOCUMENTATION_COMMENTS = YES;
				CLANG_WARN_EMPTY_BODY = YES;
				CLANG_WARN_ENUM_CONVERSION = YES;
				CLANG_WARN_INFINITE_RECURSION = YES;
				CLANG_WARN_INT_CONVERSION = YES;
				CLANG_WARN_NON_LITERAL_NULL_CONVERSION = YES;
				CLANG_WARN_OBJC_IMPLICIT_RETAIN_SELF = YES;
				CLANG_WARN_OBJC_LITERAL_CONVERSION = YES;
				CLANG_WARN_OBJC_ROOT_CLASS = YES_ERROR;
				CLANG_WARN_QUOTED_INCLUDE_IN_FRAMEWORK_HEADER = YES;
				CLANG_WARN_RANGE_LOOP_ANALYSIS = YES;
				CLANG_WARN_STRICT_PROTOTYPES = YES;
				CLANG_WARN_SUSPICIOUS_MOVE = YES;
				CLANG_WARN_UNGUARDED_AVAILABILITY = YES_AGGRESSIVE;
				CLANG_WARN_UNREACHABLE_CODE = YES;
				CLANG_WARN__DUPLICATE_METHOD_MATCH = YES;
				COPY_PHASE_STRIP = NO;
				DEBUG_INFORMATION_FORMAT = "dwarf-with-dsym";
				ENABLE_NS_ASSERTIONS = NO;
				ENABLE_STRICT_OBJC_MSGSEND = YES;
				ENABLE_USER_SCRIPT_SANDBOXING = NO;
				GCC_C_LANGUAGE_STANDARD = gnu17;
				GCC_NO_COMMON_BLOCKS = YES;
				GCC_WARN_64_TO_32_BIT_CONVERSION = YES;
				GCC_WARN_ABOUT_RETURN_TYPE = YES_ERROR;
				GCC_WARN_UNDECLARED_SELECTOR = YES;
				GCC_WARN_UNINITIALIZED_AUTOS = YES_AGGRESSIVE;
				GCC_WARN_UNUSED_FUNCTION = YES;
				GCC_WARN_UNUSED_VARIABLE = YES;
				IPHONEOS_DEPLOYMENT_TARGET = 17.0;
				LOCALIZATION_PREFERS_STRING_CATALOGS = YES;
				MTL_ENABLE_DEBUG_INFO = NO;
				MTL_FAST_MATH = YES;
				SDKROOT = iphoneos;
				SWIFT_COMPILATION_MODE = wholemodule;
				VALIDATE_PRODUCT = YES;
			};
			name = Release;
		};
		71C2A0672B0FC337004ADFB9 /* Debug */ = {
			isa = XCBuildConfiguration;
			baseConfigurationReference = 4C76E6BCE2059976B6D96CA0 /* Pods-MenHa.debug.xcconfig */;
			buildSettings = {
				ASSETCATALOG_COMPILER_APPICON_NAME = AppIcon;
				ASSETCATALOG_COMPILER_GLOBAL_ACCENT_COLOR_NAME = AccentColor;
				CODE_SIGN_STYLE = Automatic;
				CURRENT_PROJECT_VERSION = 1;
				DEVELOPMENT_TEAM = J3XZ67KDFK;
				GENERATE_INFOPLIST_FILE = YES;
				INFOPLIST_FILE = MenHa/Info.plist;
				INFOPLIST_KEY_UIApplicationSupportsIndirectInputEvents = YES;
				INFOPLIST_KEY_UILaunchStoryboardName = LaunchScreen;
				INFOPLIST_KEY_UIMainStoryboardFile = Main;
				INFOPLIST_KEY_UISupportedInterfaceOrientations_iPad = "UIInterfaceOrientationPortrait UIInterfaceOrientationPortraitUpsideDown UIInterfaceOrientationLandscapeLeft UIInterfaceOrientationLandscapeRight";
				INFOPLIST_KEY_UISupportedInterfaceOrientations_iPhone = "UIInterfaceOrientationPortrait UIInterfaceOrientationLandscapeLeft UIInterfaceOrientationLandscapeRight";
				LD_RUNPATH_SEARCH_PATHS = (
					"$(inherited)",
					"@executable_path/Frameworks",
				);
				MARKETING_VERSION = 1.0;
				PRODUCT_BUNDLE_IDENTIFIER = com.company.MenHa;
				PRODUCT_NAME = "$(TARGET_NAME)";
				SWIFT_EMIT_LOC_STRINGS = YES;
				SWIFT_VERSION = 5.0;
				TARGETED_DEVICE_FAMILY = "1,2";
			};
			name = Debug;
		};
		71C2A0682B0FC337004ADFB9 /* Release */ = {
			isa = XCBuildConfiguration;
			baseConfigurationReference = 1590C5D759D9219071CFD72B /* Pods-MenHa.release.xcconfig */;
			buildSettings = {
				ASSETCATALOG_COMPILER_APPICON_NAME = AppIcon;
				ASSETCATALOG_COMPILER_GLOBAL_ACCENT_COLOR_NAME = AccentColor;
				CODE_SIGN_STYLE = Automatic;
				CURRENT_PROJECT_VERSION = 1;
				DEVELOPMENT_TEAM = J3XZ67KDFK;
				GENERATE_INFOPLIST_FILE = YES;
				INFOPLIST_FILE = MenHa/Info.plist;
				INFOPLIST_KEY_UIApplicationSupportsIndirectInputEvents = YES;
				INFOPLIST_KEY_UILaunchStoryboardName = LaunchScreen;
				INFOPLIST_KEY_UIMainStoryboardFile = Main;
				INFOPLIST_KEY_UISupportedInterfaceOrientations_iPad = "UIInterfaceOrientationPortrait UIInterfaceOrientationPortraitUpsideDown UIInterfaceOrientationLandscapeLeft UIInterfaceOrientationLandscapeRight";
				INFOPLIST_KEY_UISupportedInterfaceOrientations_iPhone = "UIInterfaceOrientationPortrait UIInterfaceOrientationLandscapeLeft UIInterfaceOrientationLandscapeRight";
				LD_RUNPATH_SEARCH_PATHS = (
					"$(inherited)",
					"@executable_path/Frameworks",
				);
				MARKETING_VERSION = 1.0;
				PRODUCT_BUNDLE_IDENTIFIER = com.company.MenHa;
				PRODUCT_NAME = "$(TARGET_NAME)";
				SWIFT_EMIT_LOC_STRINGS = YES;
				SWIFT_VERSION = 5.0;
				TARGETED_DEVICE_FAMILY = "1,2";
			};
			name = Release;
		};
/* End XCBuildConfiguration section */

/* Begin XCConfigurationList section */
		71C2A04D2B0FC336004ADFB9 /* Build configuration list for PBXProject "MenHa" */ = {
			isa = XCConfigurationList;
			buildConfigurations = (
				71C2A0642B0FC337004ADFB9 /* Debug */,
				71C2A0652B0FC337004ADFB9 /* Release */,
			);
			defaultConfigurationIsVisible = 0;
			defaultConfigurationName = Release;
		};
		71C2A0662B0FC337004ADFB9 /* Build configuration list for PBXNativeTarget "MenHa" */ = {
			isa = XCConfigurationList;
			buildConfigurations = (
				71C2A0672B0FC337004ADFB9 /* Debug */,
				71C2A0682B0FC337004ADFB9 /* Release */,
			);
			defaultConfigurationIsVisible = 0;
			defaultConfigurationName = Release;
		};
/* End XCConfigurationList section */
	};
	rootObject = 71C2A04A2B0FC336004ADFB9 /* Project object */;
}
